// !$*UTF8*$!
{
	archiveVersion = 1;
	classes = {
	};
	objectVersion = 55;
	objects = {

/* Begin PBXBuildFile section */
		34F671BE272369B3003319F8 /* Tests_iOS.swift in Sources */ = {isa = PBXBuildFile; fileRef = 34F671BD272369B3003319F8 /* Tests_iOS.swift */; };
		34F671C0272369B3003319F8 /* Tests_iOSLaunchTests.swift in Sources */ = {isa = PBXBuildFile; fileRef = 34F671BF272369B3003319F8 /* Tests_iOSLaunchTests.swift */; };
		34F671CA272369B3003319F8 /* Tests_macOS.swift in Sources */ = {isa = PBXBuildFile; fileRef = 34F671C9272369B3003319F8 /* Tests_macOS.swift */; };
		34F671CC272369B3003319F8 /* Tests_macOSLaunchTests.swift in Sources */ = {isa = PBXBuildFile; fileRef = 34F671CB272369B3003319F8 /* Tests_macOSLaunchTests.swift */; };
		34F671CD272369B3003319F8 /* UniApp.swift in Sources */ = {isa = PBXBuildFile; fileRef = 34F671A5272369B2003319F8 /* UniApp.swift */; };
		34F671CE272369B3003319F8 /* UniApp.swift in Sources */ = {isa = PBXBuildFile; fileRef = 34F671A5272369B2003319F8 /* UniApp.swift */; };
		34F671D1272369B3003319F8 /* Assets.xcassets in Resources */ = {isa = PBXBuildFile; fileRef = 34F671A7272369B3003319F8 /* Assets.xcassets */; };
		34F671D2272369B3003319F8 /* Assets.xcassets in Resources */ = {isa = PBXBuildFile; fileRef = 34F671A7272369B3003319F8 /* Assets.xcassets */; };
		34F671E22723D7BA003319F8 /* ContentView.swift in Sources */ = {isa = PBXBuildFile; fileRef = 34F671E12723D7BA003319F8 /* ContentView.swift */; };
		34F671E32723D7BA003319F8 /* ContentView.swift in Sources */ = {isa = PBXBuildFile; fileRef = 34F671E12723D7BA003319F8 /* ContentView.swift */; };
/* End PBXBuildFile section */

/* Begin PBXContainerItemProxy section */
		34F671BA272369B3003319F8 /* PBXContainerItemProxy */ = {
			isa = PBXContainerItemProxy;
			containerPortal = 34F671A0272369B1003319F8 /* Project object */;
			proxyType = 1;
			remoteGlobalIDString = 34F671AB272369B3003319F8;
			remoteInfo = "Uni (iOS)";
		};
		34F671C6272369B3003319F8 /* PBXContainerItemProxy */ = {
			isa = PBXContainerItemProxy;
			containerPortal = 34F671A0272369B1003319F8 /* Project object */;
			proxyType = 1;
			remoteGlobalIDString = 34F671B1272369B3003319F8;
			remoteInfo = "Uni (macOS)";
		};
/* End PBXContainerItemProxy section */

/* Begin PBXFileReference section */
		34F671A5272369B2003319F8 /* UniApp.swift */ = {isa = PBXFileReference; lastKnownFileType = sourcecode.swift; path = UniApp.swift; sourceTree = "<group>"; };
		34F671A7272369B3003319F8 /* Assets.xcassets */ = {isa = PBXFileReference; lastKnownFileType = folder.assetcatalog; path = Assets.xcassets; sourceTree = "<group>"; };
		34F671AC272369B3003319F8 /* Uni.app */ = {isa = PBXFileReference; explicitFileType = wrapper.application; includeInIndex = 0; path = Uni.app; sourceTree = BUILT_PRODUCTS_DIR; };
		34F671B2272369B3003319F8 /* Uni.app */ = {isa = PBXFileReference; explicitFileType = wrapper.application; includeInIndex = 0; path = Uni.app; sourceTree = BUILT_PRODUCTS_DIR; };
		34F671B4272369B3003319F8 /* macOS.entitlements */ = {isa = PBXFileReference; lastKnownFileType = text.plist.entitlements; path = macOS.entitlements; sourceTree = "<group>"; };
		34F671B9272369B3003319F8 /* Tests iOS.xctest */ = {isa = PBXFileReference; explicitFileType = wrapper.cfbundle; includeInIndex = 0; path = "Tests iOS.xctest"; sourceTree = BUILT_PRODUCTS_DIR; };
		34F671BD272369B3003319F8 /* Tests_iOS.swift */ = {isa = PBXFileReference; lastKnownFileType = sourcecode.swift; path = Tests_iOS.swift; sourceTree = "<group>"; };
		34F671BF272369B3003319F8 /* Tests_iOSLaunchTests.swift */ = {isa = PBXFileReference; lastKnownFileType = sourcecode.swift; path = Tests_iOSLaunchTests.swift; sourceTree = "<group>"; };
		34F671C5272369B3003319F8 /* Tests macOS.xctest */ = {isa = PBXFileReference; explicitFileType = wrapper.cfbundle; includeInIndex = 0; path = "Tests macOS.xctest"; sourceTree = BUILT_PRODUCTS_DIR; };
		34F671C9272369B3003319F8 /* Tests_macOS.swift */ = {isa = PBXFileReference; lastKnownFileType = sourcecode.swift; path = Tests_macOS.swift; sourceTree = "<group>"; };
		34F671CB272369B3003319F8 /* Tests_macOSLaunchTests.swift */ = {isa = PBXFileReference; lastKnownFileType = sourcecode.swift; path = Tests_macOSLaunchTests.swift; sourceTree = "<group>"; };
		34F671E12723D7BA003319F8 /* ContentView.swift */ = {isa = PBXFileReference; fileEncoding = 4; lastKnownFileType = sourcecode.swift; name = ContentView.swift; path = ../../../../../.Trash/ContentView.swift; sourceTree = "<group>"; };
/* End PBXFileReference section */

/* Begin PBXFrameworksBuildPhase section */
		34F671A9272369B3003319F8 /* Frameworks */ = {
			isa = PBXFrameworksBuildPhase;
			buildActionMask = 2147483647;
			files = (
			);
			runOnlyForDeploymentPostprocessing = 0;
		};
		34F671AF272369B3003319F8 /* Frameworks */ = {
			isa = PBXFrameworksBuildPhase;
			buildActionMask = 2147483647;
			files = (
			);
			runOnlyForDeploymentPostprocessing = 0;
		};
		34F671B6272369B3003319F8 /* Frameworks */ = {
			isa = PBXFrameworksBuildPhase;
			buildActionMask = 2147483647;
			files = (
			);
			runOnlyForDeploymentPostprocessing = 0;
		};
		34F671C2272369B3003319F8 /* Frameworks */ = {
			isa = PBXFrameworksBuildPhase;
			buildActionMask = 2147483647;
			files = (
			);
			runOnlyForDeploymentPostprocessing = 0;
		};
/* End PBXFrameworksBuildPhase section */

/* Begin PBXGroup section */
		34F6719F272369B1003319F8 = {
			isa = PBXGroup;
			children = (
				34F671A4272369B1003319F8 /* Shared */,
				34F671B3272369B3003319F8 /* macOS */,
				34F671BC272369B3003319F8 /* Tests iOS */,
				34F671C8272369B3003319F8 /* Tests macOS */,
				34F671AD272369B3003319F8 /* Products */,
			);
			sourceTree = "<group>";
		};
		34F671A4272369B1003319F8 /* Shared */ = {
			isa = PBXGroup;
			children = (
				34F671A5272369B2003319F8 /* UniApp.swift */,
				34F671E12723D7BA003319F8 /* ContentView.swift */,
				34F671A7272369B3003319F8 /* Assets.xcassets */,
			);
			path = Shared;
			sourceTree = "<group>";
		};
		34F671AD272369B3003319F8 /* Products */ = {
			isa = PBXGroup;
			children = (
				34F671AC272369B3003319F8 /* Uni.app */,
				34F671B2272369B3003319F8 /* Uni.app */,
				34F671B9272369B3003319F8 /* Tests iOS.xctest */,
				34F671C5272369B3003319F8 /* Tests macOS.xctest */,
			);
			name = Products;
			sourceTree = "<group>";
		};
		34F671B3272369B3003319F8 /* macOS */ = {
			isa = PBXGroup;
			children = (
				34F671B4272369B3003319F8 /* macOS.entitlements */,
			);
			path = macOS;
			sourceTree = "<group>";
		};
		34F671BC272369B3003319F8 /* Tests iOS */ = {
			isa = PBXGroup;
			children = (
				34F671BD272369B3003319F8 /* Tests_iOS.swift */,
				34F671BF272369B3003319F8 /* Tests_iOSLaunchTests.swift */,
			);
			path = "Tests iOS";
			sourceTree = "<group>";
		};
		34F671C8272369B3003319F8 /* Tests macOS */ = {
			isa = PBXGroup;
			children = (
				34F671C9272369B3003319F8 /* Tests_macOS.swift */,
				34F671CB272369B3003319F8 /* Tests_macOSLaunchTests.swift */,
			);
			path = "Tests macOS";
			sourceTree = "<group>";
		};
/* End PBXGroup section */

/* Begin PBXNativeTarget section */
		34F671AB272369B3003319F8 /* Uni (iOS) */ = {
			isa = PBXNativeTarget;
			buildConfigurationList = 34F671D5272369B3003319F8 /* Build configuration list for PBXNativeTarget "Uni (iOS)" */;
			buildPhases = (
				34F671A8272369B3003319F8 /* Sources */,
				34F671A9272369B3003319F8 /* Frameworks */,
				34F671AA272369B3003319F8 /* Resources */,
			);
			buildRules = (
			);
			dependencies = (
			);
			name = "Uni (iOS)";
			productName = "Uni (iOS)";
			productReference = 34F671AC272369B3003319F8 /* Uni.app */;
			productType = "com.apple.product-type.application";
		};
		34F671B1272369B3003319F8 /* Uni (macOS) */ = {
			isa = PBXNativeTarget;
			buildConfigurationList = 34F671D8272369B3003319F8 /* Build configuration list for PBXNativeTarget "Uni (macOS)" */;
			buildPhases = (
				34F671AE272369B3003319F8 /* Sources */,
				34F671AF272369B3003319F8 /* Frameworks */,
				34F671B0272369B3003319F8 /* Resources */,
			);
			buildRules = (
			);
			dependencies = (
			);
			name = "Uni (macOS)";
			productName = "Uni (macOS)";
			productReference = 34F671B2272369B3003319F8 /* Uni.app */;
			productType = "com.apple.product-type.application";
		};
		34F671B8272369B3003319F8 /* Tests iOS */ = {
			isa = PBXNativeTarget;
			buildConfigurationList = 34F671DB272369B3003319F8 /* Build configuration list for PBXNativeTarget "Tests iOS" */;
			buildPhases = (
				34F671B5272369B3003319F8 /* Sources */,
				34F671B6272369B3003319F8 /* Frameworks */,
				34F671B7272369B3003319F8 /* Resources */,
			);
			buildRules = (
			);
			dependencies = (
				34F671BB272369B3003319F8 /* PBXTargetDependency */,
			);
			name = "Tests iOS";
			productName = "Tests iOS";
			productReference = 34F671B9272369B3003319F8 /* Tests iOS.xctest */;
			productType = "com.apple.product-type.bundle.ui-testing";
		};
		34F671C4272369B3003319F8 /* Tests macOS */ = {
			isa = PBXNativeTarget;
			buildConfigurationList = 34F671DE272369B3003319F8 /* Build configuration list for PBXNativeTarget "Tests macOS" */;
			buildPhases = (
				34F671C1272369B3003319F8 /* Sources */,
				34F671C2272369B3003319F8 /* Frameworks */,
				34F671C3272369B3003319F8 /* Resources */,
			);
			buildRules = (
			);
			dependencies = (
				34F671C7272369B3003319F8 /* PBXTargetDependency */,
			);
			name = "Tests macOS";
			productName = "Tests macOS";
			productReference = 34F671C5272369B3003319F8 /* Tests macOS.xctest */;
			productType = "com.apple.product-type.bundle.ui-testing";
		};
/* End PBXNativeTarget section */

/* Begin PBXProject section */
		34F671A0272369B1003319F8 /* Project object */ = {
			isa = PBXProject;
			attributes = {
				BuildIndependentTargetsInParallel = 1;
				LastSwiftUpdateCheck = 1300;
				LastUpgradeCheck = 1300;
				TargetAttributes = {
					34F671AB272369B3003319F8 = {
						CreatedOnToolsVersion = 13.0;
					};
					34F671B1272369B3003319F8 = {
						CreatedOnToolsVersion = 13.0;
					};
					34F671B8272369B3003319F8 = {
						CreatedOnToolsVersion = 13.0;
						TestTargetID = 34F671AB272369B3003319F8;
					};
					34F671C4272369B3003319F8 = {
						CreatedOnToolsVersion = 13.0;
						TestTargetID = 34F671B1272369B3003319F8;
					};
				};
			};
			buildConfigurationList = 34F671A3272369B1003319F8 /* Build configuration list for PBXProject "Uni" */;
			compatibilityVersion = "Xcode 13.0";
			developmentRegion = en;
			hasScannedForEncodings = 0;
			knownRegions = (
				en,
				Base,
			);
			mainGroup = 34F6719F272369B1003319F8;
			productRefGroup = 34F671AD272369B3003319F8 /* Products */;
			projectDirPath = "";
			projectRoot = "";
			targets = (
				34F671AB272369B3003319F8 /* Uni (iOS) */,
				34F671B1272369B3003319F8 /* Uni (macOS) */,
				34F671B8272369B3003319F8 /* Tests iOS */,
				34F671C4272369B3003319F8 /* Tests macOS */,
			);
		};
/* End PBXProject section */

/* Begin PBXResourcesBuildPhase section */
		34F671AA272369B3003319F8 /* Resources */ = {
			isa = PBXResourcesBuildPhase;
			buildActionMask = 2147483647;
			files = (
				34F671D1272369B3003319F8 /* Assets.xcassets in Resources */,
			);
			runOnlyForDeploymentPostprocessing = 0;
		};
		34F671B0272369B3003319F8 /* Resources */ = {
			isa = PBXResourcesBuildPhase;
			buildActionMask = 2147483647;
			files = (
				34F671D2272369B3003319F8 /* Assets.xcassets in Resources */,
			);
			runOnlyForDeploymentPostprocessing = 0;
		};
		34F671B7272369B3003319F8 /* Resources */ = {
			isa = PBXResourcesBuildPhase;
			buildActionMask = 2147483647;
			files = (
			);
			runOnlyForDeploymentPostprocessing = 0;
		};
		34F671C3272369B3003319F8 /* Resources */ = {
			isa = PBXResourcesBuildPhase;
			buildActionMask = 2147483647;
			files = (
			);
			runOnlyForDeploymentPostprocessing = 0;
		};
/* End PBXResourcesBuildPhase section */

/* Begin PBXSourcesBuildPhase section */
		34F671A8272369B3003319F8 /* Sources */ = {
			isa = PBXSourcesBuildPhase;
			buildActionMask = 2147483647;
			files = (
				34F671E22723D7BA003319F8 /* ContentView.swift in Sources */,
				34F671CD272369B3003319F8 /* UniApp.swift in Sources */,
			);
			runOnlyForDeploymentPostprocessing = 0;
		};
		34F671AE272369B3003319F8 /* Sources */ = {
			isa = PBXSourcesBuildPhase;
			buildActionMask = 2147483647;
			files = (
				34F671E32723D7BA003319F8 /* ContentView.swift in Sources */,
				34F671CE272369B3003319F8 /* UniApp.swift in Sources */,
			);
			runOnlyForDeploymentPostprocessing = 0;
		};
		34F671B5272369B3003319F8 /* Sources */ = {
			isa = PBXSourcesBuildPhase;
			buildActionMask = 2147483647;
			files = (
				34F671C0272369B3003319F8 /* Tests_iOSLaunchTests.swift in Sources */,
				34F671BE272369B3003319F8 /* Tests_iOS.swift in Sources */,
			);
			runOnlyForDeploymentPostprocessing = 0;
		};
		34F671C1272369B3003319F8 /* Sources */ = {
			isa = PBXSourcesBuildPhase;
			buildActionMask = 2147483647;
			files = (
				34F671CC272369B3003319F8 /* Tests_macOSLaunchTests.swift in Sources */,
				34F671CA272369B3003319F8 /* Tests_macOS.swift in Sources */,
			);
			runOnlyForDeploymentPostprocessing = 0;
		};
/* End PBXSourcesBuildPhase section */

/* Begin PBXTargetDependency section */
		34F671BB272369B3003319F8 /* PBXTargetDependency */ = {
			isa = PBXTargetDependency;
			target = 34F671AB272369B3003319F8 /* Uni (iOS) */;
			targetProxy = 34F671BA272369B3003319F8 /* PBXContainerItemProxy */;
		};
		34F671C7272369B3003319F8 /* PBXTargetDependency */ = {
			isa = PBXTargetDependency;
			target = 34F671B1272369B3003319F8 /* Uni (macOS) */;
			targetProxy = 34F671C6272369B3003319F8 /* PBXContainerItemProxy */;
		};
/* End PBXTargetDependency section */

/* Begin XCBuildConfiguration section */
		34F671D3272369B3003319F8 /* Debug */ = {
			isa = XCBuildConfiguration;
			buildSettings = {
				ALWAYS_SEARCH_USER_PATHS = NO;
				CLANG_ANALYZER_NONNULL = YES;
				CLANG_ANALYZER_NUMBER_OBJECT_CONVERSION = YES_AGGRESSIVE;
				CLANG_CXX_LANGUAGE_STANDARD = "gnu++17";
				CLANG_CXX_LIBRARY = "libc++";
				CLANG_ENABLE_MODULES = YES;
				CLANG_ENABLE_OBJC_ARC = YES;
				CLANG_ENABLE_OBJC_WEAK = YES;
				CLANG_WARN_BLOCK_CAPTURE_AUTORELEASING = YES;
				CLANG_WARN_BOOL_CONVERSION = YES;
				CLANG_WARN_COMMA = YES;
				CLANG_WARN_CONSTANT_CONVERSION = YES;
				CLANG_WARN_DEPRECATED_OBJC_IMPLEMENTATIONS = YES;
				CLANG_WARN_DIRECT_OBJC_ISA_USAGE = YES_ERROR;
				CLANG_WARN_DOCUMENTATION_COMMENTS = YES;
				CLANG_WARN_EMPTY_BODY = YES;
				CLANG_WARN_ENUM_CONVERSION = YES;
				CLANG_WARN_INFINITE_RECURSION = YES;
				CLANG_WARN_INT_CONVERSION = YES;
				CLANG_WARN_NON_LITERAL_NULL_CONVERSION = YES;
				CLANG_WARN_OBJC_IMPLICIT_RETAIN_SELF = YES;
				CLANG_WARN_OBJC_LITERAL_CONVERSION = YES;
				CLANG_WARN_OBJC_ROOT_CLASS = YES_ERROR;
				CLANG_WARN_QUOTED_INCLUDE_IN_FRAMEWORK_HEADER = YES;
				CLANG_WARN_RANGE_LOOP_ANALYSIS = YES;
				CLANG_WARN_STRICT_PROTOTYPES = YES;
				CLANG_WARN_SUSPICIOUS_MOVE = YES;
				CLANG_WARN_UNGUARDED_AVAILABILITY = YES_AGGRESSIVE;
				CLANG_WARN_UNREACHABLE_CODE = YES;
				CLANG_WARN__DUPLICATE_METHOD_MATCH = YES;
				COPY_PHASE_STRIP = NO;
				DEBUG_INFORMATION_FORMAT = dwarf;
				ENABLE_STRICT_OBJC_MSGSEND = YES;
				ENABLE_TESTABILITY = YES;
				GCC_C_LANGUAGE_STANDARD = gnu11;
				GCC_DYNAMIC_NO_PIC = NO;
				GCC_NO_COMMON_BLOCKS = YES;
				GCC_OPTIMIZATION_LEVEL = 0;
				GCC_PREPROCESSOR_DEFINITIONS = (
					"DEBUG=1",
					"$(inherited)",
				);
				GCC_WARN_64_TO_32_BIT_CONVERSION = YES;
				GCC_WARN_ABOUT_RETURN_TYPE = YES_ERROR;
				GCC_WARN_UNDECLARED_SELECTOR = YES;
				GCC_WARN_UNINITIALIZED_AUTOS = YES_AGGRESSIVE;
				GCC_WARN_UNUSED_FUNCTION = YES;
				GCC_WARN_UNUSED_VARIABLE = YES;
				MTL_ENABLE_DEBUG_INFO = INCLUDE_SOURCE;
				MTL_FAST_MATH = YES;
				ONLY_ACTIVE_ARCH = YES;
				SWIFT_ACTIVE_COMPILATION_CONDITIONS = DEBUG;
				SWIFT_OPTIMIZATION_LEVEL = "-Onone";
			};
			name = Debug;
		};
		34F671D4272369B3003319F8 /* Release */ = {
			isa = XCBuildConfiguration;
			buildSettings = {
				ALWAYS_SEARCH_USER_PATHS = NO;
				CLANG_ANALYZER_NONNULL = YES;
				CLANG_ANALYZER_NUMBER_OBJECT_CONVERSION = YES_AGGRESSIVE;
				CLANG_CXX_LANGUAGE_STANDARD = "gnu++17";
				CLANG_CXX_LIBRARY = "libc++";
				CLANG_ENABLE_MODULES = YES;
				CLANG_ENABLE_OBJC_ARC = YES;
				CLANG_ENABLE_OBJC_WEAK = YES;
				CLANG_WARN_BLOCK_CAPTURE_AUTORELEASING = YES;
				CLANG_WARN_BOOL_CONVERSION = YES;
				CLANG_WARN_COMMA = YES;
				CLANG_WARN_CONSTANT_CONVERSION = YES;
				CLANG_WARN_DEPRECATED_OBJC_IMPLEMENTATIONS = YES;
				CLANG_WARN_DIRECT_OBJC_ISA_USAGE = YES_ERROR;
				CLANG_WARN_DOCUMENTATION_COMMENTS = YES;
				CLANG_WARN_EMPTY_BODY = YES;
				CLANG_WARN_ENUM_CONVERSION = YES;
				CLANG_WARN_INFINITE_RECURSION = YES;
				CLANG_WARN_INT_CONVERSION = YES;
				CLANG_WARN_NON_LITERAL_NULL_CONVERSION = YES;
				CLANG_WARN_OBJC_IMPLICIT_RETAIN_SELF = YES;
				CLANG_WARN_OBJC_LITERAL_CONVERSION = YES;
				CLANG_WARN_OBJC_ROOT_CLASS = YES_ERROR;
				CLANG_WARN_QUOTED_INCLUDE_IN_FRAMEWORK_HEADER = YES;
				CLANG_WARN_RANGE_LOOP_ANALYSIS = YES;
				CLANG_WARN_STRICT_PROTOTYPES = YES;
				CLANG_WARN_SUSPICIOUS_MOVE = YES;
				CLANG_WARN_UNGUARDED_AVAILABILITY = YES_AGGRESSIVE;
				CLANG_WARN_UNREACHABLE_CODE = YES;
				CLANG_WARN__DUPLICATE_METHOD_MATCH = YES;
				COPY_PHASE_STRIP = NO;
				DEBUG_INFORMATION_FORMAT = "dwarf-with-dsym";
				ENABLE_NS_ASSERTIONS = NO;
				ENABLE_STRICT_OBJC_MSGSEND = YES;
				GCC_C_LANGUAGE_STANDARD = gnu11;
				GCC_NO_COMMON_BLOCKS = YES;
				GCC_WARN_64_TO_32_BIT_CONVERSION = YES;
				GCC_WARN_ABOUT_RETURN_TYPE = YES_ERROR;
				GCC_WARN_UNDECLARED_SELECTOR = YES;
				GCC_WARN_UNINITIALIZED_AUTOS = YES_AGGRESSIVE;
				GCC_WARN_UNUSED_FUNCTION = YES;
				GCC_WARN_UNUSED_VARIABLE = YES;
				MTL_ENABLE_DEBUG_INFO = NO;
				MTL_FAST_MATH = YES;
				SWIFT_COMPILATION_MODE = wholemodule;
				SWIFT_OPTIMIZATION_LEVEL = "-O";
			};
			name = Release;
		};
		34F671D6272369B3003319F8 /* Debug */ = {
			isa = XCBuildConfiguration;
			buildSettings = {
				ASSETCATALOG_COMPILER_APPICON_NAME = AppIcon;
				ASSETCATALOG_COMPILER_GLOBAL_ACCENT_COLOR_NAME = AccentColor;
				CODE_SIGN_STYLE = Automatic;
				CURRENT_PROJECT_VERSION = 1;
				ENABLE_PREVIEWS = YES;
				GENERATE_INFOPLIST_FILE = YES;
				INFOPLIST_KEY_UIApplicationSceneManifest_Generation = YES;
				INFOPLIST_KEY_UIApplicationSupportsIndirectInputEvents = YES;
				INFOPLIST_KEY_UILaunchScreen_Generation = YES;
				INFOPLIST_KEY_UISupportedInterfaceOrientations_iPad = "UIInterfaceOrientationPortrait UIInterfaceOrientationPortraitUpsideDown UIInterfaceOrientationLandscapeLeft UIInterfaceOrientationLandscapeRight";
				INFOPLIST_KEY_UISupportedInterfaceOrientations_iPhone = "UIInterfaceOrientationPortrait UIInterfaceOrientationLandscapeLeft UIInterfaceOrientationLandscapeRight";
				IPHONEOS_DEPLOYMENT_TARGET = 14.0;
				LD_RUNPATH_SEARCH_PATHS = (
					"$(inherited)",
					"@executable_path/Frameworks",
				);
				MARKETING_VERSION = 1.0;
				PRODUCT_BUNDLE_IDENTIFIER = abhikahuja.Uni;
				PRODUCT_NAME = Uni;
				SDKROOT = iphoneos;
				SWIFT_EMIT_LOC_STRINGS = YES;
				SWIFT_VERSION = 5.0;
				TARGETED_DEVICE_FAMILY = "1,2";
			};
			name = Debug;
		};
		34F671D7272369B3003319F8 /* Release */ = {
			isa = XCBuildConfiguration;
			buildSettings = {
				ASSETCATALOG_COMPILER_APPICON_NAME = AppIcon;
				ASSETCATALOG_COMPILER_GLOBAL_ACCENT_COLOR_NAME = AccentColor;
				CODE_SIGN_STYLE = Automatic;
				CURRENT_PROJECT_VERSION = 1;
				ENABLE_PREVIEWS = YES;
				GENERATE_INFOPLIST_FILE = YES;
				INFOPLIST_KEY_UIApplicationSceneManifest_Generation = YES;
				INFOPLIST_KEY_UIApplicationSupportsIndirectInputEvents = YES;
				INFOPLIST_KEY_UILaunchScreen_Generation = YES;
				INFOPLIST_KEY_UISupportedInterfaceOrientations_iPad = "UIInterfaceOrientationPortrait UIInterfaceOrientationPortraitUpsideDown UIInterfaceOrientationLandscapeLeft UIInterfaceOrientationLandscapeRight";
				INFOPLIST_KEY_UISupportedInterfaceOrientations_iPhone = "UIInterfaceOrientationPortrait UIInterfaceOrientationLandscapeLeft UIInterfaceOrientationLandscapeRight";
				IPHONEOS_DEPLOYMENT_TARGET = 14.0;
				LD_RUNPATH_SEARCH_PATHS = (
					"$(inherited)",
					"@executable_path/Frameworks",
				);
				MARKETING_VERSION = 1.0;
				PRODUCT_BUNDLE_IDENTIFIER = abhikahuja.Uni;
				PRODUCT_NAME = Uni;
				SDKROOT = iphoneos;
				SWIFT_EMIT_LOC_STRINGS = YES;
				SWIFT_VERSION = 5.0;
				TARGETED_DEVICE_FAMILY = "1,2";
				VALIDATE_PRODUCT = YES;
			};
			name = Release;
		};
		34F671D9272369B3003319F8 /* Debug */ = {
			isa = XCBuildConfiguration;
			buildSettings = {
				ASSETCATALOG_COMPILER_APPICON_NAME = AppIcon;
				ASSETCATALOG_COMPILER_GLOBAL_ACCENT_COLOR_NAME = AccentColor;
				CODE_SIGN_ENTITLEMENTS = macOS/macOS.entitlements;
				CODE_SIGN_STYLE = Automatic;
				COMBINE_HIDPI_IMAGES = YES;
				CURRENT_PROJECT_VERSION = 1;
				ENABLE_PREVIEWS = YES;
				GENERATE_INFOPLIST_FILE = YES;
				INFOPLIST_KEY_NSHumanReadableCopyright = "";
				LD_RUNPATH_SEARCH_PATHS = (
					"$(inherited)",
					"@executable_path/../Frameworks",
				);
				MACOSX_DEPLOYMENT_TARGET = 11.0;
				MARKETING_VERSION = 1.0;
				PRODUCT_BUNDLE_IDENTIFIER = abhikahuja.Uni;
				PRODUCT_NAME = Uni;
				SDKROOT = macosx;
				SWIFT_EMIT_LOC_STRINGS = YES;
				SWIFT_VERSION = 5.0;
			};
			name = Debug;
		};
		34F671DA272369B3003319F8 /* Release */ = {
			isa = XCBuildConfiguration;
			buildSettings = {
				ASSETCATALOG_COMPILER_APPICON_NAME = AppIcon;
				ASSETCATALOG_COMPILER_GLOBAL_ACCENT_COLOR_NAME = AccentColor;
				CODE_SIGN_ENTITLEMENTS = macOS/macOS.entitlements;
				CODE_SIGN_STYLE = Automatic;
				COMBINE_HIDPI_IMAGES = YES;
				CURRENT_PROJECT_VERSION = 1;
				ENABLE_PREVIEWS = YES;
				GENERATE_INFOPLIST_FILE = YES;
				INFOPLIST_KEY_NSHumanReadableCopyright = "";
				LD_RUNPATH_SEARCH_PATHS = (
					"$(inherited)",
					"@executable_path/../Frameworks",
				);
				MACOSX_DEPLOYMENT_TARGET = 11.0;
				MARKETING_VERSION = 1.0;
				PRODUCT_BUNDLE_IDENTIFIER = abhikahuja.Uni;
				PRODUCT_NAME = Uni;
				SDKROOT = macosx;
				SWIFT_EMIT_LOC_STRINGS = YES;
				SWIFT_VERSION = 5.0;
			};
			name = Release;
		};
		34F671DC272369B3003319F8 /* Debug */ = {
			isa = XCBuildConfiguration;
			buildSettings = {
				ALWAYS_EMBED_SWIFT_STANDARD_LIBRARIES = YES;
				CODE_SIGN_STYLE = Automatic;
				CURRENT_PROJECT_VERSION = 1;
				GENERATE_INFOPLIST_FILE = YES;
				IPHONEOS_DEPLOYMENT_TARGET = 15.0;
				LD_RUNPATH_SEARCH_PATHS = (
					"$(inherited)",
					"@executable_path/Frameworks",
					"@loader_path/Frameworks",
				);
				MARKETING_VERSION = 1.0;
				PRODUCT_BUNDLE_IDENTIFIER = "abhikahuja.Tests-iOS";
				PRODUCT_NAME = "$(TARGET_NAME)";
				SDKROOT = iphoneos;
				SWIFT_EMIT_LOC_STRINGS = NO;
				SWIFT_VERSION = 5.0;
				TARGETED_DEVICE_FAMILY = "1,2";
				TEST_TARGET_NAME = "Uni (iOS)";
			};
			name = Debug;
		};
		34F671DD272369B3003319F8 /* Release */ = {
			isa = XCBuildConfiguration;
			buildSettings = {
				ALWAYS_EMBED_SWIFT_STANDARD_LIBRARIES = YES;
				CODE_SIGN_STYLE = Automatic;
				CURRENT_PROJECT_VERSION = 1;
				GENERATE_INFOPLIST_FILE = YES;
				IPHONEOS_DEPLOYMENT_TARGET = 15.0;
				LD_RUNPATH_SEARCH_PATHS = (
					"$(inherited)",
					"@executable_path/Frameworks",
					"@loader_path/Frameworks",
				);
				MARKETING_VERSION = 1.0;
				PRODUCT_BUNDLE_IDENTIFIER = "abhikahuja.Tests-iOS";
				PRODUCT_NAME = "$(TARGET_NAME)";
				SDKROOT = iphoneos;
				SWIFT_EMIT_LOC_STRINGS = NO;
				SWIFT_VERSION = 5.0;
				TARGETED_DEVICE_FAMILY = "1,2";
				TEST_TARGET_NAME = "Uni (iOS)";
				VALIDATE_PRODUCT = YES;
			};
			name = Release;
		};
		34F671DF272369B3003319F8 /* Debug */ = {
			isa = XCBuildConfiguration;
			buildSettings = {
				ALWAYS_EMBED_SWIFT_STANDARD_LIBRARIES = YES;
				CODE_SIGN_STYLE = Automatic;
				COMBINE_HIDPI_IMAGES = YES;
				CURRENT_PROJECT_VERSION = 1;
				GENERATE_INFOPLIST_FILE = YES;
				LD_RUNPATH_SEARCH_PATHS = (
					"$(inherited)",
					"@executable_path/../Frameworks",
					"@loader_path/../Frameworks",
				);
				MACOSX_DEPLOYMENT_TARGET = 11.3;
				MARKETING_VERSION = 1.0;
				PRODUCT_BUNDLE_IDENTIFIER = "abhikahuja.Tests-macOS";
				PRODUCT_NAME = "$(TARGET_NAME)";
				SDKROOT = macosx;
				SWIFT_EMIT_LOC_STRINGS = NO;
				SWIFT_VERSION = 5.0;
				TEST_TARGET_NAME = "Uni (macOS)";
			};
			name = Debug;
		};
		34F671E0272369B3003319F8 /* Release */ = {
			isa = XCBuildConfiguration;
			buildSettings = {
				ALWAYS_EMBED_SWIFT_STANDARD_LIBRARIES = YES;
				CODE_SIGN_STYLE = Automatic;
				COMBINE_HIDPI_IMAGES = YES;
				CURRENT_PROJECT_VERSION = 1;
				GENERATE_INFOPLIST_FILE = YES;
				LD_RUNPATH_SEARCH_PATHS = (
					"$(inherited)",
					"@executable_path/../Frameworks",
					"@loader_path/../Frameworks",
				);
				MACOSX_DEPLOYMENT_TARGET = 11.3;
				MARKETING_VERSION = 1.0;
				PRODUCT_BUNDLE_IDENTIFIER = "abhikahuja.Tests-macOS";
				PRODUCT_NAME = "$(TARGET_NAME)";
				SDKROOT = macosx;
				SWIFT_EMIT_LOC_STRINGS = NO;
				SWIFT_VERSION = 5.0;
				TEST_TARGET_NAME = "Uni (macOS)";
			};
			name = Release;
		};
/* End XCBuildConfiguration section */

/* Begin XCConfigurationList section */
		34F671A3272369B1003319F8 /* Build configuration list for PBXProject "Uni" */ = {
			isa = XCConfigurationList;
			buildConfigurations = (
				34F671D3272369B3003319F8 /* Debug */,
				34F671D4272369B3003319F8 /* Release */,
			);
			defaultConfigurationIsVisible = 0;
			defaultConfigurationName = Release;
		};
		34F671D5272369B3003319F8 /* Build configuration list for PBXNativeTarget "Uni (iOS)" */ = {
			isa = XCConfigurationList;
			buildConfigurations = (
				34F671D6272369B3003319F8 /* Debug */,
				34F671D7272369B3003319F8 /* Release */,
			);
			defaultConfigurationIsVisible = 0;
			defaultConfigurationName = Release;
		};
		34F671D8272369B3003319F8 /* Build configuration list for PBXNativeTarget "Uni (macOS)" */ = {
			isa = XCConfigurationList;
			buildConfigurations = (
				34F671D9272369B3003319F8 /* Debug */,
				34F671DA272369B3003319F8 /* Release */,
			);
			defaultConfigurationIsVisible = 0;
			defaultConfigurationName = Release;
		};
		34F671DB272369B3003319F8 /* Build configuration list for PBXNativeTarget "Tests iOS" */ = {
			isa = XCConfigurationList;
			buildConfigurations = (
				34F671DC272369B3003319F8 /* Debug */,
				34F671DD272369B3003319F8 /* Release */,
			);
			defaultConfigurationIsVisible = 0;
			defaultConfigurationName = Release;
		};
		34F671DE272369B3003319F8 /* Build configuration list for PBXNativeTarget "Tests macOS" */ = {
			isa = XCConfigurationList;
			buildConfigurations = (
				34F671DF272369B3003319F8 /* Debug */,
				34F671E0272369B3003319F8 /* Release */,
			);
			defaultConfigurationIsVisible = 0;
			defaultConfigurationName = Release;
		};
/* End XCConfigurationList section */
	};
	rootObject = 34F671A0272369B1003319F8 /* Project object */;
}
